<?xml version="1.0" encoding="utf-8"?>
<Project ToolsVersion="4.0" xmlns="http://schemas.microsoft.com/developer/msbuild/2003">
  <ItemGroup>
    <Filter Include="Header Files">
      <UniqueIdentifier>{93995380-89BD-4b04-88EB-625FBE52EBFB}</UniqueIdentifier>
      <Extensions>h;hpp;hxx;hm;inl;inc;xsd</Extensions>
    </Filter>
  </ItemGroup>
  <ItemGroup>
    <ClInclude Include="BVH.h">
      <Filter>Header Files</Filter>
    </ClInclude>
    <ClInclude Include="BVHNode.h">
      <Filter>Header Files</Filter>
    </ClInclude>
    <ClInclude Include="GLImage.h">
      <Filter>Header Files</Filter>
    </ClInclude>
    <ClInclude Include="GLRenderer.h">
      <Filter>Header Files</Filter>
    </ClInclude>
    <ClInclude Include="Intersector.h">
      <Filter>Header Files</Filter>
    </ClInclude>
    <ClInclude Include="MeshSweeper.h">
      <Filter>Header Files</Filter>
    </ClInclude>
    <ClInclude Include="RayTracer.h">
      <Filter>Header Files</Filter>
    </ClInclude>
    <ClInclude Include="TriangleMesh.h">
      <Filter>Header Files</Filter>
    </ClInclude>
    <ClInclude Include="TriangleMeshShape.h">
      <Filter>Header Files</Filter>
    </ClInclude>
    <ClInclude Include="Actor.h">
      <Filter>Header Files</Filter>
    </ClInclude>
    <ClInclude Include="BoundingBox.h">
      <Filter>Header Files</Filter>
    </ClInclude>
    <ClInclude Include="Camera.h">
      <Filter>Header Files</Filter>
    </ClInclude>
    <ClInclude Include="Color.h">
      <Filter>Header Files</Filter>
    </ClInclude>
    <ClInclude Include="DoubleList.h">
      <Filter>Header Files</Filter>
    </ClInclude>
    <ClInclude Include="Exception.h">
      <Filter>Header Files</Filter>
    </ClInclude>
    <ClInclude Include="Light.h">
      <Filter>Header Files</Filter>
    </ClInclude>
    <ClInclude Include="NameableObject.h">
      <Filter>Header Files</Filter>
    </ClInclude>
    <ClInclude Include="Object.h">
      <Filter>Header Files</Filter>
    </ClInclude>
    <ClInclude Include="Quaternion.h">
      <Filter>Header Files</Filter>
    </ClInclude>
    <ClInclude Include="Ray.h">
      <Filter>Header Files</Filter>
    </ClInclude>
    <ClInclude Include="Real.h">
      <Filter>Header Files</Filter>
    </ClInclude>
    <ClInclude Include="Scene.h">
      <Filter>Header Files</Filter>
    </ClInclude>
    <ClInclude Include="SceneComponent.h">
      <Filter>Header Files</Filter>
    </ClInclude>
    <ClInclude Include="Transform3.h">
      <Filter>Header Files</Filter>
    </ClInclude>
    <ClInclude Include="Typedefs.h">
      <Filter>Header Files</Filter>
    </ClInclude>
    <ClInclude Include="Utils.h">
      <Filter>Header Files</Filter>
    </ClInclude>
    <ClInclude Include="Vector3.h">
      <Filter>Header Files</Filter>
    </ClInclude>
    <ClInclude Include="Model.h">
      <Filter>Header Files</Filter>
    </ClInclude>
    <ClInclude Include="Material.h">
      <Filter>Header Files</Filter>
    </ClInclude>
    <ClInclude Include="Array.h">
      <Filter>Header Files</Filter>
    </ClInclude>
    <ClInclude Include="Sweeper.h">
      <Filter>Header Files</Filter>
    </ClInclude>
    <ClInclude Include="List.h">
      <Filter>Header Files</Filter>
    </ClInclude>
    <ClInclude Include="Renderer.h">
      <Filter>Header Files</Filter>
    </ClInclude>
    <ClInclude Include="Viewport.h">
      <Filter>Header Files</Filter>
    </ClInclude>
    <ClInclude Include="DCPoint.h">
      <Filter>Header Files</Filter>
    </ClInclude>
    <ClInclude Include="Image.h">
      <Filter>Header Files</Filter>
    </ClInclude>
    <ClInclude Include="glm.h">
      <Filter>Header Files</Filter>
    </ClInclude>
    <ClInclude Include="pugiconfig.hpp">
      <Filter>Header Files</Filter>
    </ClInclude>
    <ClInclude Include="pugixml.hpp">
      <Filter>Header Files</Filter>
    </ClInclude>
  </ItemGroup>
  <ItemGroup>
    <ClCompile Include="BoundingBox.cpp" />
    <ClCompile Include="BVH.cpp" />
    <ClCompile Include="Camera.cpp" />
    <ClCompile Include="Color.cpp" />
    <ClCompile Include="GLImage.cpp" />
    <ClCompile Include="GLRenderer.cpp" />
    <ClCompile Include="Main.cpp" />
    <ClCompile Include="Main.cxx" />
    <ClCompile Include="Material.cpp" />
    <ClCompile Include="MeshSweeper.cpp" />
    <ClCompile Include="pugixml.cpp" />
    <ClCompile Include="RayTracer.cpp" />
    <ClCompile Include="Renderer.cpp" />
    <ClCompile Include="Scene.cpp" />
    <ClCompile Include="Sweeper.cpp" />
    <ClCompile Include="TriangleMesh.cpp" />
    <ClCompile Include="TriangleMeshShape.cpp" />
    <ClCompile Include="Viewport.cpp" />
  </ItemGroup>
  <ItemGroup>
    <None Include="simple-scene.xml" />
  </ItemGroup>
</Project>